
Microsoft Visual Studio Solution File, Format Version 12.00
# Visual Studio 2012
Project("{FAE04EC0-301F-11D3-BF4B-00C04F79EFBC}") = "3.06 NumbersDevidedBySevenAndThree", "3.06 NumbersDevidedBySevenAndThree\3.06 NumbersDevidedBySevenAndThree.csproj", "{1AE1F1A4-5982-47A1-9AE9-A5DF8620956C}"
EndProject
Global
	GlobalSection(SolutionConfigurationPlatforms) = preSolution
		Debug|Any CPU = Debug|Any CPU
		Release|Any CPU = Release|Any CPU
	EndGlobalSection
	GlobalSection(ProjectConfigurationPlatforms) = postSolution
		{1AE1F1A4-5982-47A1-9AE9-A5DF8620956C}.Debug|Any CPU.ActiveCfg = Debug|Any CPU
		{1AE1F1A4-5982-47A1-9AE9-A5DF8620956C}.Debug|Any CPU.Build.0 = Debug|Any CPU
		{1AE1F1A4-5982-47A1-9AE9-A5DF8620956C}.Release|Any CPU.ActiveCfg = Release|Any CPU
		{1AE1F1A4-5982-47A1-9AE9-A5DF8620956C}.Release|Any CPU.Build.0 = Release|Any CPU
	EndGlobalSection
	GlobalSection(SolutionProperties) = preSolution
		HideSolutionNode = FALSE
	EndGlobalSection
EndGlobal
